dependencies:
- name: pgvector
  repository: https://rh-ai-kickstart.github.io/ai-architecture-charts
  version: 0.1.0
- name: strimzi-kafka-operator
  repository: https://strimzi.io/charts/
  version: 0.46.0
- name: configure-pipeline
  repository: https://rh-ai-kickstart.github.io/ai-architecture-charts
  version: 0.1.0
- name: minio
  repository: https://rh-ai-kickstart.github.io/ai-architecture-charts
  version: 0.1.0
digest: sha256:5a46ff2143f27a5531a4f824bf9986ff9c44f1cb648520a0825996d265e05e5e
generated: "2025-06-19T17:41:34.084587077+03:00"
